// !$*UTF8*$!
{
	archiveVersion = 1;
	classes = {
	};
	objectVersion = 56;
	objects = {

/* Begin PBXBuildFile section */
		06A2C6352AE9191D00CD2132 /* AppDelegate.swift in Sources */ = {isa = PBXBuildFile; fileRef = 06A2C6342AE9191D00CD2132 /* AppDelegate.swift */; };
		06A2C6372AE9191D00CD2132 /* SceneDelegate.swift in Sources */ = {isa = PBXBuildFile; fileRef = 06A2C6362AE9191D00CD2132 /* SceneDelegate.swift */; };
		06A2C6392AE9191D00CD2132 /* ViewController.swift in Sources */ = {isa = PBXBuildFile; fileRef = 06A2C6382AE9191D00CD2132 /* ViewController.swift */; };
		06A2C63C2AE9191D00CD2132 /* Main.storyboard in Resources */ = {isa = PBXBuildFile; fileRef = 06A2C63A2AE9191D00CD2132 /* Main.storyboard */; };
		06A2C63F2AE9191D00CD2132 /* ToDoList.xcdatamodeld in Sources */ = {isa = PBXBuildFile; fileRef = 06A2C63D2AE9191D00CD2132 /* ToDoList.xcdatamodeld */; };
		06A2C6412AE9191F00CD2132 /* Assets.xcassets in Resources */ = {isa = PBXBuildFile; fileRef = 06A2C6402AE9191F00CD2132 /* Assets.xcassets */; };
		06A2C6442AE9191F00CD2132 /* LaunchScreen.storyboard in Resources */ = {isa = PBXBuildFile; fileRef = 06A2C6422AE9191F00CD2132 /* LaunchScreen.storyboard */; };
		06A2C6532AE9200D00CD2132 /* ToDoListItem+CoreDataClass.swift in Sources */ = {isa = PBXBuildFile; fileRef = 06A2C6512AE9200D00CD2132 /* ToDoListItem+CoreDataClass.swift */; };
		06A2C6542AE9200D00CD2132 /* ToDoListItem+CoreDataProperties.swift in Sources */ = {isa = PBXBuildFile; fileRef = 06A2C6522AE9200D00CD2132 /* ToDoListItem+CoreDataProperties.swift */; };
		06A2C6562AE921B300CD2132 /* CoreDataBaseManager.swift in Sources */ = {isa = PBXBuildFile; fileRef = 06A2C6552AE921B300CD2132 /* CoreDataBaseManager.swift */; };
		06C819752AEA73CB0043269A /* CoreDataOperations.swift in Sources */ = {isa = PBXBuildFile; fileRef = 06C819742AEA73CB0043269A /* CoreDataOperations.swift */; };
		06C819792AEA7B2D0043269A /* ToDoListTableViewCell.swift in Sources */ = {isa = PBXBuildFile; fileRef = 06C819772AEA7B2D0043269A /* ToDoListTableViewCell.swift */; };
		06C8197A2AEA7B2D0043269A /* ToDoListTableViewCell.xib in Resources */ = {isa = PBXBuildFile; fileRef = 06C819782AEA7B2D0043269A /* ToDoListTableViewCell.xib */; };
/* End PBXBuildFile section */

/* Begin PBXFileReference section */
		06A2C6312AE9191D00CD2132 /* ToDoList.app */ = {isa = PBXFileReference; explicitFileType = wrapper.application; includeInIndex = 0; path = ToDoList.app; sourceTree = BUILT_PRODUCTS_DIR; };
		06A2C6342AE9191D00CD2132 /* AppDelegate.swift */ = {isa = PBXFileReference; lastKnownFileType = sourcecode.swift; path = AppDelegate.swift; sourceTree = "<group>"; };
		06A2C6362AE9191D00CD2132 /* SceneDelegate.swift */ = {isa = PBXFileReference; lastKnownFileType = sourcecode.swift; path = SceneDelegate.swift; sourceTree = "<group>"; };
		06A2C6382AE9191D00CD2132 /* ViewController.swift */ = {isa = PBXFileReference; lastKnownFileType = sourcecode.swift; path = ViewController.swift; sourceTree = "<group>"; };
		06A2C63B2AE9191D00CD2132 /* Base */ = {isa = PBXFileReference; lastKnownFileType = file.storyboard; name = Base; path = Base.lproj/Main.storyboard; sourceTree = "<group>"; };
		06A2C63E2AE9191D00CD2132 /* ToDoList.xcdatamodel */ = {isa = PBXFileReference; lastKnownFileType = wrapper.xcdatamodel; path = ToDoList.xcdatamodel; sourceTree = "<group>"; };
		06A2C6402AE9191F00CD2132 /* Assets.xcassets */ = {isa = PBXFileReference; lastKnownFileType = folder.assetcatalog; path = Assets.xcassets; sourceTree = "<group>"; };
		06A2C6432AE9191F00CD2132 /* Base */ = {isa = PBXFileReference; lastKnownFileType = file.storyboard; name = Base; path = Base.lproj/LaunchScreen.storyboard; sourceTree = "<group>"; };
		06A2C6452AE9191F00CD2132 /* Info.plist */ = {isa = PBXFileReference; lastKnownFileType = text.plist.xml; path = Info.plist; sourceTree = "<group>"; };
		06A2C6512AE9200D00CD2132 /* ToDoListItem+CoreDataClass.swift */ = {isa = PBXFileReference; lastKnownFileType = sourcecode.swift; path = "ToDoListItem+CoreDataClass.swift"; sourceTree = "<group>"; };
		06A2C6522AE9200D00CD2132 /* ToDoListItem+CoreDataProperties.swift */ = {isa = PBXFileReference; lastKnownFileType = sourcecode.swift; path = "ToDoListItem+CoreDataProperties.swift"; sourceTree = "<group>"; };
		06A2C6552AE921B300CD2132 /* CoreDataBaseManager.swift */ = {isa = PBXFileReference; lastKnownFileType = sourcecode.swift; path = CoreDataBaseManager.swift; sourceTree = "<group>"; };
		06C819742AEA73CB0043269A /* CoreDataOperations.swift */ = {isa = PBXFileReference; lastKnownFileType = sourcecode.swift; path = CoreDataOperations.swift; sourceTree = "<group>"; };
		06C819772AEA7B2D0043269A /* ToDoListTableViewCell.swift */ = {isa = PBXFileReference; lastKnownFileType = sourcecode.swift; path = ToDoListTableViewCell.swift; sourceTree = "<group>"; };
		06C819782AEA7B2D0043269A /* ToDoListTableViewCell.xib */ = {isa = PBXFileReference; lastKnownFileType = file.xib; path = ToDoListTableViewCell.xib; sourceTree = "<group>"; };
/* End PBXFileReference section */

/* Begin PBXFrameworksBuildPhase section */
		06A2C62E2AE9191D00CD2132 /* Frameworks */ = {
			isa = PBXFrameworksBuildPhase;
			buildActionMask = 2147483647;
			files = (
			);
			runOnlyForDeploymentPostprocessing = 0;
		};
/* End PBXFrameworksBuildPhase section */

/* Begin PBXGroup section */
		06A2C6282AE9191D00CD2132 = {
			isa = PBXGroup;
			children = (
				06A2C6332AE9191D00CD2132 /* ToDoList */,
				06A2C6322AE9191D00CD2132 /* Products */,
			);
			sourceTree = "<group>";
		};
		06A2C6322AE9191D00CD2132 /* Products */ = {
			isa = PBXGroup;
			children = (
				06A2C6312AE9191D00CD2132 /* ToDoList.app */,
			);
			name = Products;
			sourceTree = "<group>";
		};
		06A2C6332AE9191D00CD2132 /* ToDoList */ = {
			isa = PBXGroup;
			children = (
				06C819762AEA7B030043269A /* TableViewXib */,
				06C8196F2AEA73470043269A /* CoreDataOperations */,
				06A2C6502AE91A3200CD2132 /* ToDoListItem */,
				06A2C6342AE9191D00CD2132 /* AppDelegate.swift */,
				06A2C6362AE9191D00CD2132 /* SceneDelegate.swift */,
				06A2C6382AE9191D00CD2132 /* ViewController.swift */,
				06A2C63A2AE9191D00CD2132 /* Main.storyboard */,
				06A2C6402AE9191F00CD2132 /* Assets.xcassets */,
				06A2C6422AE9191F00CD2132 /* LaunchScreen.storyboard */,
				06A2C6452AE9191F00CD2132 /* Info.plist */,
				06A2C63D2AE9191D00CD2132 /* ToDoList.xcdatamodeld */,
				06A2C6552AE921B300CD2132 /* CoreDataBaseManager.swift */,
			);
			path = ToDoList;
			sourceTree = "<group>";
		};
		06A2C6502AE91A3200CD2132 /* ToDoListItem */ = {
			isa = PBXGroup;
			children = (
				06A2C6512AE9200D00CD2132 /* ToDoListItem+CoreDataClass.swift */,
				06A2C6522AE9200D00CD2132 /* ToDoListItem+CoreDataProperties.swift */,
			);
			path = ToDoListItem;
			sourceTree = "<group>";
		};
		06C8196F2AEA73470043269A /* CoreDataOperations */ = {
			isa = PBXGroup;
			children = (
				06C819742AEA73CB0043269A /* CoreDataOperations.swift */,
			);
			path = CoreDataOperations;
			sourceTree = "<group>";
		};
		06C819762AEA7B030043269A /* TableViewXib */ = {
			isa = PBXGroup;
			children = (
				06C819772AEA7B2D0043269A /* ToDoListTableViewCell.swift */,
				06C819782AEA7B2D0043269A /* ToDoListTableViewCell.xib */,
			);
			path = TableViewXib;
			sourceTree = "<group>";
		};
/* End PBXGroup section */

/* Begin PBXNativeTarget section */
		06A2C6302AE9191D00CD2132 /* ToDoList */ = {
			isa = PBXNativeTarget;
			buildConfigurationList = 06A2C6482AE9191F00CD2132 /* Build configuration list for PBXNativeTarget "ToDoList" */;
			buildPhases = (
				06A2C62D2AE9191D00CD2132 /* Sources */,
				06A2C62E2AE9191D00CD2132 /* Frameworks */,
				06A2C62F2AE9191D00CD2132 /* Resources */,
			);
			buildRules = (
			);
			dependencies = (
			);
			name = ToDoList;
			productName = ToDoList;
			productReference = 06A2C6312AE9191D00CD2132 /* ToDoList.app */;
			productType = "com.apple.product-type.application";
		};
/* End PBXNativeTarget section */

/* Begin PBXProject section */
		06A2C6292AE9191D00CD2132 /* Project object */ = {
			isa = PBXProject;
			attributes = {
				BuildIndependentTargetsInParallel = 1;
				LastSwiftUpdateCheck = 1420;
				LastUpgradeCheck = 1420;
				TargetAttributes = {
					06A2C6302AE9191D00CD2132 = {
						CreatedOnToolsVersion = 14.2;
					};
				};
			};
			buildConfigurationList = 06A2C62C2AE9191D00CD2132 /* Build configuration list for PBXProject "ToDoList" */;
			compatibilityVersion = "Xcode 14.0";
			developmentRegion = en;
			hasScannedForEncodings = 0;
			knownRegions = (
				en,
				Base,
			);
			mainGroup = 06A2C6282AE9191D00CD2132;
			productRefGroup = 06A2C6322AE9191D00CD2132 /* Products */;
			projectDirPath = "";
			projectRoot = "";
			targets = (
				06A2C6302AE9191D00CD2132 /* ToDoList */,
			);
		};
/* End PBXProject section */

/* Begin PBXResourcesBuildPhase section */
		06A2C62F2AE9191D00CD2132 /* Resources */ = {
			isa = PBXResourcesBuildPhase;
			buildActionMask = 2147483647;
			files = (
				06A2C6442AE9191F00CD2132 /* LaunchScreen.storyboard in Resources */,
				06A2C6412AE9191F00CD2132 /* Assets.xcassets in Resources */,
				06A2C63C2AE9191D00CD2132 /* Main.storyboard in Resources */,
				06C8197A2AEA7B2D0043269A /* ToDoListTableViewCell.xib in Resources */,
			);
			runOnlyForDeploymentPostprocessing = 0;
		};
/* End PBXResourcesBuildPhase section */

/* Begin PBXSourcesBuildPhase section */
		06A2C62D2AE9191D00CD2132 /* Sources */ = {
			isa = PBXSourcesBuildPhase;
			buildActionMask = 2147483647;
			files = (
				06A2C6392AE9191D00CD2132 /* ViewController.swift in Sources */,
				06C819792AEA7B2D0043269A /* ToDoListTableViewCell.swift in Sources */,
				06A2C6352AE9191D00CD2132 /* AppDelegate.swift in Sources */,
				06C819752AEA73CB0043269A /* CoreDataOperations.swift in Sources */,
				06A2C6372AE9191D00CD2132 /* SceneDelegate.swift in Sources */,
				06A2C6562AE921B300CD2132 /* CoreDataBaseManager.swift in Sources */,
				06A2C6532AE9200D00CD2132 /* ToDoListItem+CoreDataClass.swift in Sources */,
				06A2C6542AE9200D00CD2132 /* ToDoListItem+CoreDataProperties.swift in Sources */,
				06A2C63F2AE9191D00CD2132 /* ToDoList.xcdatamodeld in Sources */,
			);
			runOnlyForDeploymentPostprocessing = 0;
		};
/* End PBXSourcesBuildPhase section */

/* Begin PBXVariantGroup section */
		06A2C63A2AE9191D00CD2132 /* Main.storyboard */ = {
			isa = PBXVariantGroup;
			children = (
				06A2C63B2AE9191D00CD2132 /* Base */,
			);
			name = Main.storyboard;
			sourceTree = "<group>";
		};
		06A2C6422AE9191F00CD2132 /* LaunchScreen.storyboard */ = {
			isa = PBXVariantGroup;
			children = (
				06A2C6432AE9191F00CD2132 /* Base */,
			);
			name = LaunchScreen.storyboard;
			sourceTree = "<group>";
		};
/* End PBXVariantGroup section */

/* Begin XCBuildConfiguration section */
		06A2C6462AE9191F00CD2132 /* Debug */ = {
			isa = XCBuildConfiguration;
			buildSettings = {
				ALWAYS_SEARCH_USER_PATHS = NO;
				CLANG_ANALYZER_NONNULL = YES;
				CLANG_ANALYZER_NUMBER_OBJECT_CONVERSION = YES_AGGRESSIVE;
				CLANG_CXX_LANGUAGE_STANDARD = "gnu++20";
				CLANG_ENABLE_MODULES = YES;
				CLANG_ENABLE_OBJC_ARC = YES;
				CLANG_ENABLE_OBJC_WEAK = YES;
				CLANG_WARN_BLOCK_CAPTURE_AUTORELEASING = YES;
				CLANG_WARN_BOOL_CONVERSION = YES;
				CLANG_WARN_COMMA = YES;
				CLANG_WARN_CONSTANT_CONVERSION = YES;
				CLANG_WARN_DEPRECATED_OBJC_IMPLEMENTATIONS = YES;
				CLANG_WARN_DIRECT_OBJC_ISA_USAGE = YES_ERROR;
				CLANG_WARN_DOCUMENTATION_COMMENTS = YES;
				CLANG_WARN_EMPTY_BODY = YES;
				CLANG_WARN_ENUM_CONVERSION = YES;
				CLANG_WARN_INFINITE_RECURSION = YES;
				CLANG_WARN_INT_CONVERSION = YES;
				CLANG_WARN_NON_LITERAL_NULL_CONVERSION = YES;
				CLANG_WARN_OBJC_IMPLICIT_RETAIN_SELF = YES;
				CLANG_WARN_OBJC_LITERAL_CONVERSION = YES;
				CLANG_WARN_OBJC_ROOT_CLASS = YES_ERROR;
				CLANG_WARN_QUOTED_INCLUDE_IN_FRAMEWORK_HEADER = YES;
				CLANG_WARN_RANGE_LOOP_ANALYSIS = YES;
				CLANG_WARN_STRICT_PROTOTYPES = YES;
				CLANG_WARN_SUSPICIOUS_MOVE = YES;
				CLANG_WARN_UNGUARDED_AVAILABILITY = YES_AGGRESSIVE;
				CLANG_WARN_UNREACHABLE_CODE = YES;
				CLANG_WARN__DUPLICATE_METHOD_MATCH = YES;
				COPY_PHASE_STRIP = NO;
				DEBUG_INFORMATION_FORMAT = dwarf;
				ENABLE_STRICT_OBJC_MSGSEND = YES;
				ENABLE_TESTABILITY = YES;
				GCC_C_LANGUAGE_STANDARD = gnu11;
				GCC_DYNAMIC_NO_PIC = NO;
				GCC_NO_COMMON_BLOCKS = YES;
				GCC_OPTIMIZATION_LEVEL = 0;
				GCC_PREPROCESSOR_DEFINITIONS = (
					"DEBUG=1",
					"$(inherited)",
				);
				GCC_WARN_64_TO_32_BIT_CONVERSION = YES;
				GCC_WARN_ABOUT_RETURN_TYPE = YES_ERROR;
				GCC_WARN_UNDECLARED_SELECTOR = YES;
				GCC_WARN_UNINITIALIZED_AUTOS = YES_AGGRESSIVE;
				GCC_WARN_UNUSED_FUNCTION = YES;
				GCC_WARN_UNUSED_VARIABLE = YES;
				IPHONEOS_DEPLOYMENT_TARGET = 16.2;
				MTL_ENABLE_DEBUG_INFO = INCLUDE_SOURCE;
				MTL_FAST_MATH = YES;
				ONLY_ACTIVE_ARCH = YES;
				SDKROOT = iphoneos;
				SWIFT_ACTIVE_COMPILATION_CONDITIONS = DEBUG;
				SWIFT_OPTIMIZATION_LEVEL = "-Onone";
			};
			name = Debug;
		};
		06A2C6472AE9191F00CD2132 /* Release */ = {
			isa = XCBuildConfiguration;
			buildSettings = {
				ALWAYS_SEARCH_USER_PATHS = NO;
				CLANG_ANALYZER_NONNULL = YES;
				CLANG_ANALYZER_NUMBER_OBJECT_CONVERSION = YES_AGGRESSIVE;
				CLANG_CXX_LANGUAGE_STANDARD = "gnu++20";
				CLANG_ENABLE_MODULES = YES;
				CLANG_ENABLE_OBJC_ARC = YES;
				CLANG_ENABLE_OBJC_WEAK = YES;
				CLANG_WARN_BLOCK_CAPTURE_AUTORELEASING = YES;
				CLANG_WARN_BOOL_CONVERSION = YES;
				CLANG_WARN_COMMA = YES;
				CLANG_WARN_CONSTANT_CONVERSION = YES;
				CLANG_WARN_DEPRECATED_OBJC_IMPLEMENTATIONS = YES;
				CLANG_WARN_DIRECT_OBJC_ISA_USAGE = YES_ERROR;
				CLANG_WARN_DOCUMENTATION_COMMENTS = YES;
				CLANG_WARN_EMPTY_BODY = YES;
				CLANG_WARN_ENUM_CONVERSION = YES;
				CLANG_WARN_INFINITE_RECURSION = YES;
				CLANG_WARN_INT_CONVERSION = YES;
				CLANG_WARN_NON_LITERAL_NULL_CONVERSION = YES;
				CLANG_WARN_OBJC_IMPLICIT_RETAIN_SELF = YES;
				CLANG_WARN_OBJC_LITERAL_CONVERSION = YES;
				CLANG_WARN_OBJC_ROOT_CLASS = YES_ERROR;
				CLANG_WARN_QUOTED_INCLUDE_IN_FRAMEWORK_HEADER = YES;
				CLANG_WARN_RANGE_LOOP_ANALYSIS = YES;
				CLANG_WARN_STRICT_PROTOTYPES = YES;
				CLANG_WARN_SUSPICIOUS_MOVE = YES;
				CLANG_WARN_UNGUARDED_AVAILABILITY = YES_AGGRESSIVE;
				CLANG_WARN_UNREACHABLE_CODE = YES;
				CLANG_WARN__DUPLICATE_METHOD_MATCH = YES;
				COPY_PHASE_STRIP = NO;
				DEBUG_INFORMATION_FORMAT = "dwarf-with-dsym";
				ENABLE_NS_ASSERTIONS = NO;
				ENABLE_STRICT_OBJC_MSGSEND = YES;
				GCC_C_LANGUAGE_STANDARD = gnu11;
				GCC_NO_COMMON_BLOCKS = YES;
				GCC_WARN_64_TO_32_BIT_CONVERSION = YES;
				GCC_WARN_ABOUT_RETURN_TYPE = YES_ERROR;
				GCC_WARN_UNDECLARED_SELECTOR = YES;
				GCC_WARN_UNINITIALIZED_AUTOS = YES_AGGRESSIVE;
				GCC_WARN_UNUSED_FUNCTION = YES;
				GCC_WARN_UNUSED_VARIABLE = YES;
				IPHONEOS_DEPLOYMENT_TARGET = 16.2;
				MTL_ENABLE_DEBUG_INFO = NO;
				MTL_FAST_MATH = YES;
				SDKROOT = iphoneos;
				SWIFT_COMPILATION_MODE = wholemodule;
				SWIFT_OPTIMIZATION_LEVEL = "-O";
				VALIDATE_PRODUCT = YES;
			};
			name = Release;
		};
		06A2C6492AE9191F00CD2132 /* Debug */ = {
			isa = XCBuildConfiguration;
			buildSettings = {
				ASSETCATALOG_COMPILER_APPICON_NAME = AppIcon;
				ASSETCATALOG_COMPILER_GLOBAL_ACCENT_COLOR_NAME = AccentColor;
				CODE_SIGN_STYLE = Automatic;
				CURRENT_PROJECT_VERSION = 1;
				GENERATE_INFOPLIST_FILE = YES;
				INFOPLIST_FILE = ToDoList/Info.plist;
				INFOPLIST_KEY_UIApplicationSupportsIndirectInputEvents = YES;
				INFOPLIST_KEY_UILaunchStoryboardName = LaunchScreen;
				INFOPLIST_KEY_UIMainStoryboardFile = Main;
				INFOPLIST_KEY_UISupportedInterfaceOrientations_iPad = "UIInterfaceOrientationPortrait UIInterfaceOrientationPortraitUpsideDown UIInterfaceOrientationLandscapeLeft UIInterfaceOrientationLandscapeRight";
				INFOPLIST_KEY_UISupportedInterfaceOrientations_iPhone = "UIInterfaceOrientationPortrait UIInterfaceOrientationLandscapeLeft UIInterfaceOrientationLandscapeRight";
				LD_RUNPATH_SEARCH_PATHS = (
					"$(inherited)",
					"@executable_path/Frameworks",
				);
				MARKETING_VERSION = 1.0;
				PRODUCT_BUNDLE_IDENTIFIER = Sanil.ToDoList;
				PRODUCT_NAME = "$(TARGET_NAME)";
				SWIFT_EMIT_LOC_STRINGS = YES;
				SWIFT_VERSION = 5.0;
				TARGETED_DEVICE_FAMILY = "1,2";
			};
			name = Debug;
		};
		06A2C64A2AE9191F00CD2132 /* Release */ = {
			isa = XCBuildConfiguration;
			buildSettings = {
				ASSETCATALOG_COMPILER_APPICON_NAME = AppIcon;
				ASSETCATALOG_COMPILER_GLOBAL_ACCENT_COLOR_NAME = AccentColor;
				CODE_SIGN_STYLE = Automatic;
				CURRENT_PROJECT_VERSION = 1;
				GENERATE_INFOPLIST_FILE = YES;
				INFOPLIST_FILE = ToDoList/Info.plist;
				INFOPLIST_KEY_UIApplicationSupportsIndirectInputEvents = YES;
				INFOPLIST_KEY_UILaunchStoryboardName = LaunchScreen;
				INFOPLIST_KEY_UIMainStoryboardFile = Main;
				INFOPLIST_KEY_UISupportedInterfaceOrientations_iPad = "UIInterfaceOrientationPortrait UIInterfaceOrientationPortraitUpsideDown UIInterfaceOrientationLandscapeLeft UIInterfaceOrientationLandscapeRight";
				INFOPLIST_KEY_UISupportedInterfaceOrientations_iPhone = "UIInterfaceOrientationPortrait UIInterfaceOrientationLandscapeLeft UIInterfaceOrientationLandscapeRight";
				LD_RUNPATH_SEARCH_PATHS = (
					"$(inherited)",
					"@executable_path/Frameworks",
				);
				MARKETING_VERSION = 1.0;
				PRODUCT_BUNDLE_IDENTIFIER = Sanil.ToDoList;
				PRODUCT_NAME = "$(TARGET_NAME)";
				SWIFT_EMIT_LOC_STRINGS = YES;
				SWIFT_VERSION = 5.0;
				TARGETED_DEVICE_FAMILY = "1,2";
			};
			name = Release;
		};
/* End XCBuildConfiguration section */

/* Begin XCConfigurationList section */
		06A2C62C2AE9191D00CD2132 /* Build configuration list for PBXProject "ToDoList" */ = {
			isa = XCConfigurationList;
			buildConfigurations = (
				06A2C6462AE9191F00CD2132 /* Debug */,
				06A2C6472AE9191F00CD2132 /* Release */,
			);
			defaultConfigurationIsVisible = 0;
			defaultConfigurationName = Release;
		};
		06A2C6482AE9191F00CD2132 /* Build configuration list for PBXNativeTarget "ToDoList" */ = {
			isa = XCConfigurationList;
			buildConfigurations = (
				06A2C6492AE9191F00CD2132 /* Debug */,
				06A2C64A2AE9191F00CD2132 /* Release */,
			);
			defaultConfigurationIsVisible = 0;
			defaultConfigurationName = Release;
		};
/* End XCConfigurationList section */

/* Begin XCVersionGroup section */
		06A2C63D2AE9191D00CD2132 /* ToDoList.xcdatamodeld */ = {
			isa = XCVersionGroup;
			children = (
				06A2C63E2AE9191D00CD2132 /* ToDoList.xcdatamodel */,
			);
			currentVersion = 06A2C63E2AE9191D00CD2132 /* ToDoList.xcdatamodel */;
			path = ToDoList.xcdatamodeld;
			sourceTree = "<group>";
			versionGroupType = wrapper.xcdatamodel;
		};
/* End XCVersionGroup section */
	};
	rootObject = 06A2C6292AE9191D00CD2132 /* Project object */;
}
